
Microsoft Visual Studio Solution File, Format Version 12.00
# Visual Studio 14
VisualStudioVersion = 14.0.25420.1
MinimumVisualStudioVersion = 10.0.40219.1
Project("{FAE04EC0-301F-11D3-BF4B-00C04F79EFBC}") = "LearningSupportPlatform.Business", "LearningSupportPlatform.Business\LearningSupportPlatform.Business.csproj", "{B849A344-64A4-437D-A758-55DDAE91194E}"
EndProject
Project("{FAE04EC0-301F-11D3-BF4B-00C04F79EFBC}") = "LearningSupportPlatform.Config", "LearningSupportPlatform.Config\LearningSupportPlatform.Config.csproj", "{1994645A-2120-4D17-AD1C-DBB3FD0C2A2D}"
EndProject
Project("{FAE04EC0-301F-11D3-BF4B-00C04F79EFBC}") = "LearningSupportPlatform.Data", "LearningSupportPlatform.Data\LearningSupportPlatform.Data.csproj", "{2B569F86-DCBA-4819-9DBC-EA67AF865589}"
EndProject
Project("{FAE04EC0-301F-11D3-BF4B-00C04F79EFBC}") = "LearningSupportPlatform.Model", "LearningSupportPlatform.Model\LearningSupportPlatform.Model.csproj", "{C249887B-0F9C-4988-94E1-E9B7CA26B0A1}"
EndProject
Project("{FAE04EC0-301F-11D3-BF4B-00C04F79EFBC}") = "LearningSupportPlatform.Web", "LearningSupportPlatform.Web\LearningSupportPlatform.Web.csproj", "{B08FC611-3A58-4192-945A-B0B9CB4D2BF3}"
EndProject
Project("{FAE04EC0-301F-11D3-BF4B-00C04F79EFBC}") = "LearningSupportPlatform.Common", "LearningSupportPlatform.Common\LearningSupportPlatform.Common.csproj", "{1E3D1AAD-1DEF-4B62-9BE8-664350E4E7EA}"
EndProject
Global
	GlobalSection(SolutionConfigurationPlatforms) = preSolution
		Debug|Any CPU = Debug|Any CPU
		Release|Any CPU = Release|Any CPU
	EndGlobalSection
	GlobalSection(ProjectConfigurationPlatforms) = postSolution
		{B849A344-64A4-437D-A758-55DDAE91194E}.Debug|Any CPU.ActiveCfg = Debug|Any CPU
		{B849A344-64A4-437D-A758-55DDAE91194E}.Debug|Any CPU.Build.0 = Debug|Any CPU
		{B849A344-64A4-437D-A758-55DDAE91194E}.Release|Any CPU.ActiveCfg = Release|Any CPU
		{B849A344-64A4-437D-A758-55DDAE91194E}.Release|Any CPU.Build.0 = Release|Any CPU
		{1994645A-2120-4D17-AD1C-DBB3FD0C2A2D}.Debug|Any CPU.ActiveCfg = Debug|Any CPU
		{1994645A-2120-4D17-AD1C-DBB3FD0C2A2D}.Debug|Any CPU.Build.0 = Debug|Any CPU
		{1994645A-2120-4D17-AD1C-DBB3FD0C2A2D}.Release|Any CPU.ActiveCfg = Release|Any CPU
		{1994645A-2120-4D17-AD1C-DBB3FD0C2A2D}.Release|Any CPU.Build.0 = Release|Any CPU
		{2B569F86-DCBA-4819-9DBC-EA67AF865589}.Debug|Any CPU.ActiveCfg = Debug|Any CPU
		{2B569F86-DCBA-4819-9DBC-EA67AF865589}.Debug|Any CPU.Build.0 = Debug|Any CPU
		{2B569F86-DCBA-4819-9DBC-EA67AF865589}.Release|Any CPU.ActiveCfg = Release|Any CPU
		{2B569F86-DCBA-4819-9DBC-EA67AF865589}.Release|Any CPU.Build.0 = Release|Any CPU
		{C249887B-0F9C-4988-94E1-E9B7CA26B0A1}.Debug|Any CPU.ActiveCfg = Debug|Any CPU
		{C249887B-0F9C-4988-94E1-E9B7CA26B0A1}.Debug|Any CPU.Build.0 = Debug|Any CPU
		{C249887B-0F9C-4988-94E1-E9B7CA26B0A1}.Release|Any CPU.ActiveCfg = Release|Any CPU
		{C249887B-0F9C-4988-94E1-E9B7CA26B0A1}.Release|Any CPU.Build.0 = Release|Any CPU
		{B08FC611-3A58-4192-945A-B0B9CB4D2BF3}.Debug|Any CPU.ActiveCfg = Debug|Any CPU
		{B08FC611-3A58-4192-945A-B0B9CB4D2BF3}.Debug|Any CPU.Build.0 = Debug|Any CPU
		{B08FC611-3A58-4192-945A-B0B9CB4D2BF3}.Release|Any CPU.ActiveCfg = Release|Any CPU
		{B08FC611-3A58-4192-945A-B0B9CB4D2BF3}.Release|Any CPU.Build.0 = Release|Any CPU
		{1E3D1AAD-1DEF-4B62-9BE8-664350E4E7EA}.Debug|Any CPU.ActiveCfg = Debug|Any CPU
		{1E3D1AAD-1DEF-4B62-9BE8-664350E4E7EA}.Debug|Any CPU.Build.0 = Debug|Any CPU
		{1E3D1AAD-1DEF-4B62-9BE8-664350E4E7EA}.Release|Any CPU.ActiveCfg = Release|Any CPU
		{1E3D1AAD-1DEF-4B62-9BE8-664350E4E7EA}.Release|Any CPU.Build.0 = Release|Any CPU
	EndGlobalSection
	GlobalSection(SolutionProperties) = preSolution
		HideSolutionNode = FALSE
	EndGlobalSection
EndGlobal
